
Microsoft Visual Studio Solution File, Format Version 12.00
# Visual Studio Version 16
VisualStudioVersion = 25.0.1705.2
MinimumVisualStudioVersion = 10.0.40219.1
Project("{2150E333-8FDC-42A3-9474-1A3956D46DE8}") = "Solution Items", "Solution Items", "{7B6A9FF5-E5DD-4A3D-92D9-CF668323AC39}"
	ProjectSection(SolutionItems) = preProject
		SampleWebApp.sln = SampleWebApp.sln
	EndProjectSection
EndProject
Project("{FAE04EC0-301F-11D3-BF4B-00C04F79EFBC}") = "SampleWebApp", "SampleWebApp\SampleWebApp.csproj", "{DD044BB0-241C-428F-8EF6-98426EF104EE}"
EndProject
Global
	GlobalSection(SolutionConfigurationPlatforms) = preSolution
		Debug|Any CPU = Debug|Any CPU
		Release|Any CPU = Release|Any CPU
	EndGlobalSection
	GlobalSection(ProjectConfigurationPlatforms) = postSolution
		{DD044BB0-241C-428F-8EF6-98426EF104EE}.Debug|Any CPU.ActiveCfg = Debug|Any CPU
		{DD044BB0-241C-428F-8EF6-98426EF104EE}.Debug|Any CPU.Build.0 = Debug|Any CPU
		{DD044BB0-241C-428F-8EF6-98426EF104EE}.Release|Any CPU.ActiveCfg = Release|Any CPU
		{DD044BB0-241C-428F-8EF6-98426EF104EE}.Release|Any CPU.Build.0 = Release|Any CPU
	EndGlobalSection
	GlobalSection(SolutionProperties) = preSolution
		HideSolutionNode = FALSE
	EndGlobalSection
	GlobalSection(ExtensibilityGlobals) = postSolution
		SolutionGuid = {A96176E6-352F-459F-B216-17BED8E4EC23}
	EndGlobalSection
EndGlobal
